// !$*UTF8*$!
{
	archiveVersion = 1;
	classes = {
	};
	objectVersion = 51;
	objects = {

/* Begin PBXBuildFile section */
		41C2D4F1B1B888C5E0AF9C6C /* Pods_ArchaismDictionaryiOS_ArchaismDictionaryiOSUITests.framework in Frameworks */ = {isa = PBXBuildFile; fileRef = EF0A8DE8ABE724347175463C /* Pods_ArchaismDictionaryiOS_ArchaismDictionaryiOSUITests.framework */; };
		46ABBC947FB149C14154A735 /* Pods_ArchaismDictionaryiOSTests.framework in Frameworks */ = {isa = PBXBuildFile; fileRef = 5AF0D76C263DA201975EFDD0 /* Pods_ArchaismDictionaryiOSTests.framework */; };
		CDC04CEC243264F5007EBF5F /* bul.traineddata in Resources */ = {isa = PBXBuildFile; fileRef = CDC04CEB243264F4007EBF5F /* bul.traineddata */; };
		CDD45756242B05B000AC3512 /* AppDelegate.swift in Sources */ = {isa = PBXBuildFile; fileRef = CDD45755242B05B000AC3512 /* AppDelegate.swift */; };
		CDD45758242B05B000AC3512 /* SceneDelegate.swift in Sources */ = {isa = PBXBuildFile; fileRef = CDD45757242B05B000AC3512 /* SceneDelegate.swift */; };
		CDD4575A242B05B000AC3512 /* FirstViewController.swift in Sources */ = {isa = PBXBuildFile; fileRef = CDD45759242B05B000AC3512 /* FirstViewController.swift */; };
		CDD4575C242B05B000AC3512 /* SecondViewController.swift in Sources */ = {isa = PBXBuildFile; fileRef = CDD4575B242B05B000AC3512 /* SecondViewController.swift */; };
		CDD4575F242B05B000AC3512 /* Main.storyboard in Resources */ = {isa = PBXBuildFile; fileRef = CDD4575D242B05B000AC3512 /* Main.storyboard */; };
		CDD45761242B05B500AC3512 /* Assets.xcassets in Resources */ = {isa = PBXBuildFile; fileRef = CDD45760242B05B500AC3512 /* Assets.xcassets */; };
		CDD45764242B05B500AC3512 /* LaunchScreen.storyboard in Resources */ = {isa = PBXBuildFile; fileRef = CDD45762242B05B500AC3512 /* LaunchScreen.storyboard */; };
		CDD4576F242B05B500AC3512 /* ArchaismDictionaryiOSTests.swift in Sources */ = {isa = PBXBuildFile; fileRef = CDD4576E242B05B500AC3512 /* ArchaismDictionaryiOSTests.swift */; };
		CDD4577A242B05B500AC3512 /* ArchaismDictionaryiOSUITests.swift in Sources */ = {isa = PBXBuildFile; fileRef = CDD45779242B05B500AC3512 /* ArchaismDictionaryiOSUITests.swift */; };
		CDD4579D242B119D00AC3512 /* OCR.png in Resources */ = {isa = PBXBuildFile; fileRef = CDD45794242B119D00AC3512 /* OCR.png */; };
		CDD4579E242B119D00AC3512 /* Back.png in Resources */ = {isa = PBXBuildFile; fileRef = CDD45795242B119D00AC3512 /* Back.png */; };
		CDD4579F242B119D00AC3512 /* AppLogo.png in Resources */ = {isa = PBXBuildFile; fileRef = CDD45796242B119D00AC3512 /* AppLogo.png */; };
		CDD457A0242B119D00AC3512 /* Literature.png in Resources */ = {isa = PBXBuildFile; fileRef = CDD45797242B119D00AC3512 /* Literature.png */; };
		CDD457A1242B119D00AC3512 /* imageedit_2_4586027770.png in Resources */ = {isa = PBXBuildFile; fileRef = CDD45798242B119D00AC3512 /* imageedit_2_4586027770.png */; };
		CDD457A2242B119D00AC3512 /* Search.png in Resources */ = {isa = PBXBuildFile; fileRef = CDD45799242B119D00AC3512 /* Search.png */; };
		CDD457A3242B119D00AC3512 /* Loading.gif in Resources */ = {isa = PBXBuildFile; fileRef = CDD4579A242B119D00AC3512 /* Loading.gif */; };
		CDD457A4242B119D00AC3512 /* Play Store Logo.png in Resources */ = {isa = PBXBuildFile; fileRef = CDD4579B242B119D00AC3512 /* Play Store Logo.png */; };
		CDD457A5242B119D00AC3512 /* Capture.png in Resources */ = {isa = PBXBuildFile; fileRef = CDD4579C242B119D00AC3512 /* Capture.png */; };
		CDD457A7242BA1A400AC3512 /* Podfile in Resources */ = {isa = PBXBuildFile; fileRef = CDD457A6242BA1A400AC3512 /* Podfile */; };
		E58C1CB8EA6D662FB4420A60 /* Pods_ArchaismDictionaryiOS.framework in Frameworks */ = {isa = PBXBuildFile; fileRef = 110C68682BDBD9EB676E8D06 /* Pods_ArchaismDictionaryiOS.framework */; };
/* End PBXBuildFile section */

/* Begin PBXContainerItemProxy section */
		CDD4576B242B05B500AC3512 /* PBXContainerItemProxy */ = {
			isa = PBXContainerItemProxy;
			containerPortal = CDD4574A242B05B000AC3512 /* Project object */;
			proxyType = 1;
			remoteGlobalIDString = CDD45751242B05B000AC3512;
			remoteInfo = ArchaismDictionaryiOS;
		};
		CDD45776242B05B500AC3512 /* PBXContainerItemProxy */ = {
			isa = PBXContainerItemProxy;
			containerPortal = CDD4574A242B05B000AC3512 /* Project object */;
			proxyType = 1;
			remoteGlobalIDString = CDD45751242B05B000AC3512;
			remoteInfo = ArchaismDictionaryiOS;
		};
/* End PBXContainerItemProxy section */

/* Begin PBXFileReference section */
		00B03FAAE0FE727A3FFF6F8A /* Pods-ArchaismDictionaryiOS.release.xcconfig */ = {isa = PBXFileReference; includeInIndex = 1; lastKnownFileType = text.xcconfig; name = "Pods-ArchaismDictionaryiOS.release.xcconfig"; path = "Target Support Files/Pods-ArchaismDictionaryiOS/Pods-ArchaismDictionaryiOS.release.xcconfig"; sourceTree = "<group>"; };
		061FF47BB7ED19695852D504 /* Pods-ArchaismDictionaryiOSTests.release.xcconfig */ = {isa = PBXFileReference; includeInIndex = 1; lastKnownFileType = text.xcconfig; name = "Pods-ArchaismDictionaryiOSTests.release.xcconfig"; path = "Target Support Files/Pods-ArchaismDictionaryiOSTests/Pods-ArchaismDictionaryiOSTests.release.xcconfig"; sourceTree = "<group>"; };
		07A24FB90E0CA9A1C267FF65 /* Pods-ArchaismDictionaryiOS-ArchaismDictionaryiOSUITests.debug.xcconfig */ = {isa = PBXFileReference; includeInIndex = 1; lastKnownFileType = text.xcconfig; name = "Pods-ArchaismDictionaryiOS-ArchaismDictionaryiOSUITests.debug.xcconfig"; path = "Target Support Files/Pods-ArchaismDictionaryiOS-ArchaismDictionaryiOSUITests/Pods-ArchaismDictionaryiOS-ArchaismDictionaryiOSUITests.debug.xcconfig"; sourceTree = "<group>"; };
		0D41A720A754B5E95A8C4CB0 /* Pods-ArchaismDictionaryiOS.debug.xcconfig */ = {isa = PBXFileReference; includeInIndex = 1; lastKnownFileType = text.xcconfig; name = "Pods-ArchaismDictionaryiOS.debug.xcconfig"; path = "Target Support Files/Pods-ArchaismDictionaryiOS/Pods-ArchaismDictionaryiOS.debug.xcconfig"; sourceTree = "<group>"; };
		110C68682BDBD9EB676E8D06 /* Pods_ArchaismDictionaryiOS.framework */ = {isa = PBXFileReference; explicitFileType = wrapper.framework; includeInIndex = 0; path = Pods_ArchaismDictionaryiOS.framework; sourceTree = BUILT_PRODUCTS_DIR; };
		15C3714DD6B98E92F0F8CF3B /* Pods-ArchaismDictionaryiOS-ArchaismDictionaryiOSUITests.release.xcconfig */ = {isa = PBXFileReference; includeInIndex = 1; lastKnownFileType = text.xcconfig; name = "Pods-ArchaismDictionaryiOS-ArchaismDictionaryiOSUITests.release.xcconfig"; path = "Target Support Files/Pods-ArchaismDictionaryiOS-ArchaismDictionaryiOSUITests/Pods-ArchaismDictionaryiOS-ArchaismDictionaryiOSUITests.release.xcconfig"; sourceTree = "<group>"; };
		5AF0D76C263DA201975EFDD0 /* Pods_ArchaismDictionaryiOSTests.framework */ = {isa = PBXFileReference; explicitFileType = wrapper.framework; includeInIndex = 0; path = Pods_ArchaismDictionaryiOSTests.framework; sourceTree = BUILT_PRODUCTS_DIR; };
		84923BE6C247F0207C4239E0 /* Pods-ArchaismDictionaryiOSTests.debug.xcconfig */ = {isa = PBXFileReference; includeInIndex = 1; lastKnownFileType = text.xcconfig; name = "Pods-ArchaismDictionaryiOSTests.debug.xcconfig"; path = "Target Support Files/Pods-ArchaismDictionaryiOSTests/Pods-ArchaismDictionaryiOSTests.debug.xcconfig"; sourceTree = "<group>"; };
		CDC04CEB243264F4007EBF5F /* bul.traineddata */ = {isa = PBXFileReference; lastKnownFileType = file; path = bul.traineddata; sourceTree = "<group>"; };
		CDD45752242B05B000AC3512 /* ArchaismDictionaryiOS.app */ = {isa = PBXFileReference; explicitFileType = wrapper.application; includeInIndex = 0; path = ArchaismDictionaryiOS.app; sourceTree = BUILT_PRODUCTS_DIR; };
		CDD45755242B05B000AC3512 /* AppDelegate.swift */ = {isa = PBXFileReference; lastKnownFileType = sourcecode.swift; path = AppDelegate.swift; sourceTree = "<group>"; };
		CDD45757242B05B000AC3512 /* SceneDelegate.swift */ = {isa = PBXFileReference; lastKnownFileType = sourcecode.swift; path = SceneDelegate.swift; sourceTree = "<group>"; };
		CDD45759242B05B000AC3512 /* FirstViewController.swift */ = {isa = PBXFileReference; lastKnownFileType = sourcecode.swift; path = FirstViewController.swift; sourceTree = "<group>"; };
		CDD4575B242B05B000AC3512 /* SecondViewController.swift */ = {isa = PBXFileReference; lastKnownFileType = sourcecode.swift; path = SecondViewController.swift; sourceTree = "<group>"; };
		CDD4575E242B05B000AC3512 /* Base */ = {isa = PBXFileReference; lastKnownFileType = file.storyboard; name = Base; path = Base.lproj/Main.storyboard; sourceTree = "<group>"; };
		CDD45760242B05B500AC3512 /* Assets.xcassets */ = {isa = PBXFileReference; lastKnownFileType = folder.assetcatalog; path = Assets.xcassets; sourceTree = "<group>"; };
		CDD45763242B05B500AC3512 /* Base */ = {isa = PBXFileReference; lastKnownFileType = file.storyboard; name = Base; path = Base.lproj/LaunchScreen.storyboard; sourceTree = "<group>"; };
		CDD45765242B05B500AC3512 /* Info.plist */ = {isa = PBXFileReference; lastKnownFileType = text.plist.xml; path = Info.plist; sourceTree = "<group>"; };
		CDD4576A242B05B500AC3512 /* ArchaismDictionaryiOSTests.xctest */ = {isa = PBXFileReference; explicitFileType = wrapper.cfbundle; includeInIndex = 0; path = ArchaismDictionaryiOSTests.xctest; sourceTree = BUILT_PRODUCTS_DIR; };
		CDD4576E242B05B500AC3512 /* ArchaismDictionaryiOSTests.swift */ = {isa = PBXFileReference; lastKnownFileType = sourcecode.swift; path = ArchaismDictionaryiOSTests.swift; sourceTree = "<group>"; };
		CDD45770242B05B500AC3512 /* Info.plist */ = {isa = PBXFileReference; lastKnownFileType = text.plist.xml; path = Info.plist; sourceTree = "<group>"; };
		CDD45775242B05B500AC3512 /* ArchaismDictionaryiOSUITests.xctest */ = {isa = PBXFileReference; explicitFileType = wrapper.cfbundle; includeInIndex = 0; path = ArchaismDictionaryiOSUITests.xctest; sourceTree = BUILT_PRODUCTS_DIR; };
		CDD45779242B05B500AC3512 /* ArchaismDictionaryiOSUITests.swift */ = {isa = PBXFileReference; lastKnownFileType = sourcecode.swift; path = ArchaismDictionaryiOSUITests.swift; sourceTree = "<group>"; };
		CDD4577B242B05B500AC3512 /* Info.plist */ = {isa = PBXFileReference; lastKnownFileType = text.plist.xml; path = Info.plist; sourceTree = "<group>"; };
		CDD45794242B119D00AC3512 /* OCR.png */ = {isa = PBXFileReference; lastKnownFileType = image.png; name = OCR.png; path = ../../../../Graphics/OCR.png; sourceTree = "<group>"; };
		CDD45795242B119D00AC3512 /* Back.png */ = {isa = PBXFileReference; lastKnownFileType = image.png; name = Back.png; path = ../../../../Graphics/Back.png; sourceTree = "<group>"; };
		CDD45796242B119D00AC3512 /* AppLogo.png */ = {isa = PBXFileReference; lastKnownFileType = image.png; name = AppLogo.png; path = ../../../../Graphics/AppLogo.png; sourceTree = "<group>"; };
		CDD45797242B119D00AC3512 /* Literature.png */ = {isa = PBXFileReference; lastKnownFileType = image.png; name = Literature.png; path = ../../../../Graphics/Literature.png; sourceTree = "<group>"; };
		CDD45798242B119D00AC3512 /* imageedit_2_4586027770.png */ = {isa = PBXFileReference; lastKnownFileType = image.png; name = imageedit_2_4586027770.png; path = ../../../../Graphics/imageedit_2_4586027770.png; sourceTree = "<group>"; };
		CDD45799242B119D00AC3512 /* Search.png */ = {isa = PBXFileReference; lastKnownFileType = image.png; name = Search.png; path = ../../../../Graphics/Search.png; sourceTree = "<group>"; };
		CDD4579A242B119D00AC3512 /* Loading.gif */ = {isa = PBXFileReference; lastKnownFileType = image.gif; name = Loading.gif; path = ../../../../Graphics/Loading.gif; sourceTree = "<group>"; };
		CDD4579B242B119D00AC3512 /* Play Store Logo.png */ = {isa = PBXFileReference; lastKnownFileType = image.png; name = "Play Store Logo.png"; path = "../../../../Graphics/Play Store Logo.png"; sourceTree = "<group>"; };
		CDD4579C242B119D00AC3512 /* Capture.png */ = {isa = PBXFileReference; lastKnownFileType = image.png; name = Capture.png; path = ../../../../Graphics/Capture.png; sourceTree = "<group>"; };
		CDD457A6242BA1A400AC3512 /* Podfile */ = {isa = PBXFileReference; fileEncoding = 4; lastKnownFileType = text; path = Podfile; sourceTree = SOURCE_ROOT; xcLanguageSpecificationIdentifier = xcode.lang.ruby; };
		EF0A8DE8ABE724347175463C /* Pods_ArchaismDictionaryiOS_ArchaismDictionaryiOSUITests.framework */ = {isa = PBXFileReference; explicitFileType = wrapper.framework; includeInIndex = 0; path = Pods_ArchaismDictionaryiOS_ArchaismDictionaryiOSUITests.framework; sourceTree = BUILT_PRODUCTS_DIR; };
/* End PBXFileReference section */

/* Begin PBXFrameworksBuildPhase section */
		CDD4574F242B05B000AC3512 /* Frameworks */ = {
			isa = PBXFrameworksBuildPhase;
			buildActionMask = 2147483647;
			files = (
				E58C1CB8EA6D662FB4420A60 /* Pods_ArchaismDictionaryiOS.framework in Frameworks */,
			);
			runOnlyForDeploymentPostprocessing = 0;
		};
		CDD45767242B05B500AC3512 /* Frameworks */ = {
			isa = PBXFrameworksBuildPhase;
			buildActionMask = 2147483647;
			files = (
				46ABBC947FB149C14154A735 /* Pods_ArchaismDictionaryiOSTests.framework in Frameworks */,
			);
			runOnlyForDeploymentPostprocessing = 0;
		};
		CDD45772242B05B500AC3512 /* Frameworks */ = {
			isa = PBXFrameworksBuildPhase;
			buildActionMask = 2147483647;
			files = (
				41C2D4F1B1B888C5E0AF9C6C /* Pods_ArchaismDictionaryiOS_ArchaismDictionaryiOSUITests.framework in Frameworks */,
			);
			runOnlyForDeploymentPostprocessing = 0;
		};
/* End PBXFrameworksBuildPhase section */

/* Begin PBXGroup section */
		754BBA0ED53FE3ED1CDF8D56 /* Frameworks */ = {
			isa = PBXGroup;
			children = (
				110C68682BDBD9EB676E8D06 /* Pods_ArchaismDictionaryiOS.framework */,
				EF0A8DE8ABE724347175463C /* Pods_ArchaismDictionaryiOS_ArchaismDictionaryiOSUITests.framework */,
				5AF0D76C263DA201975EFDD0 /* Pods_ArchaismDictionaryiOSTests.framework */,
			);
			name = Frameworks;
			sourceTree = "<group>";
		};
		C4AEFFA6F4B62A0EC13FABF2 /* Pods */ = {
			isa = PBXGroup;
			children = (
				0D41A720A754B5E95A8C4CB0 /* Pods-ArchaismDictionaryiOS.debug.xcconfig */,
				00B03FAAE0FE727A3FFF6F8A /* Pods-ArchaismDictionaryiOS.release.xcconfig */,
				07A24FB90E0CA9A1C267FF65 /* Pods-ArchaismDictionaryiOS-ArchaismDictionaryiOSUITests.debug.xcconfig */,
				15C3714DD6B98E92F0F8CF3B /* Pods-ArchaismDictionaryiOS-ArchaismDictionaryiOSUITests.release.xcconfig */,
				84923BE6C247F0207C4239E0 /* Pods-ArchaismDictionaryiOSTests.debug.xcconfig */,
				061FF47BB7ED19695852D504 /* Pods-ArchaismDictionaryiOSTests.release.xcconfig */,
			);
			path = Pods;
			sourceTree = "<group>";
		};
		CDC04CEA243264AE007EBF5F /* tessdata */ = {
			isa = PBXGroup;
			children = (
				CDC04CEB243264F4007EBF5F /* bul.traineddata */,
			);
			path = tessdata;
			sourceTree = "<group>";
		};
		CDD45749242B05B000AC3512 = {
			isa = PBXGroup;
			children = (
				CDD45754242B05B000AC3512 /* ArchaismDictionaryiOS */,
				CDD4576D242B05B500AC3512 /* ArchaismDictionaryiOSTests */,
				CDD45778242B05B500AC3512 /* ArchaismDictionaryiOSUITests */,
				CDD45753242B05B000AC3512 /* Products */,
				C4AEFFA6F4B62A0EC13FABF2 /* Pods */,
				754BBA0ED53FE3ED1CDF8D56 /* Frameworks */,
			);
			sourceTree = "<group>";
		};
		CDD45753242B05B000AC3512 /* Products */ = {
			isa = PBXGroup;
			children = (
				CDD45752242B05B000AC3512 /* ArchaismDictionaryiOS.app */,
				CDD4576A242B05B500AC3512 /* ArchaismDictionaryiOSTests.xctest */,
				CDD45775242B05B500AC3512 /* ArchaismDictionaryiOSUITests.xctest */,
			);
			name = Products;
			sourceTree = "<group>";
		};
		CDD45754242B05B000AC3512 /* ArchaismDictionaryiOS */ = {
			isa = PBXGroup;
			children = (
				CDC04CEA243264AE007EBF5F /* tessdata */,
				CDD457A6242BA1A400AC3512 /* Podfile */,
				CDD45789242B111100AC3512 /* UI */,
				CDD45755242B05B000AC3512 /* AppDelegate.swift */,
				CDD45757242B05B000AC3512 /* SceneDelegate.swift */,
				CDD45759242B05B000AC3512 /* FirstViewController.swift */,
				CDD4575B242B05B000AC3512 /* SecondViewController.swift */,
				CDD4575D242B05B000AC3512 /* Main.storyboard */,
				CDD45760242B05B500AC3512 /* Assets.xcassets */,
				CDD45762242B05B500AC3512 /* LaunchScreen.storyboard */,
				CDD45765242B05B500AC3512 /* Info.plist */,
			);
			path = ArchaismDictionaryiOS;
			sourceTree = "<group>";
		};
		CDD4576D242B05B500AC3512 /* ArchaismDictionaryiOSTests */ = {
			isa = PBXGroup;
			children = (
				CDD4576E242B05B500AC3512 /* ArchaismDictionaryiOSTests.swift */,
				CDD45770242B05B500AC3512 /* Info.plist */,
			);
			path = ArchaismDictionaryiOSTests;
			sourceTree = "<group>";
		};
		CDD45778242B05B500AC3512 /* ArchaismDictionaryiOSUITests */ = {
			isa = PBXGroup;
			children = (
				CDD45779242B05B500AC3512 /* ArchaismDictionaryiOSUITests.swift */,
				CDD4577B242B05B500AC3512 /* Info.plist */,
			);
			path = ArchaismDictionaryiOSUITests;
			sourceTree = "<group>";
		};
		CDD45789242B111100AC3512 /* UI */ = {
			isa = PBXGroup;
			children = (
				CDD45796242B119D00AC3512 /* AppLogo.png */,
				CDD45795242B119D00AC3512 /* Back.png */,
				CDD4579C242B119D00AC3512 /* Capture.png */,
				CDD45798242B119D00AC3512 /* imageedit_2_4586027770.png */,
				CDD45797242B119D00AC3512 /* Literature.png */,
				CDD4579A242B119D00AC3512 /* Loading.gif */,
				CDD45794242B119D00AC3512 /* OCR.png */,
				CDD4579B242B119D00AC3512 /* Play Store Logo.png */,
				CDD45799242B119D00AC3512 /* Search.png */,
			);
			path = UI;
			sourceTree = "<group>";
		};
/* End PBXGroup section */

/* Begin PBXNativeTarget section */
		CDD45751242B05B000AC3512 /* ArchaismDictionaryiOS */ = {
			isa = PBXNativeTarget;
			buildConfigurationList = CDD4577E242B05B500AC3512 /* Build configuration list for PBXNativeTarget "ArchaismDictionaryiOS" */;
			buildPhases = (
				91648E6C89F4CEC4CB7A5AA0 /* [CP] Check Pods Manifest.lock */,
				CDD4574E242B05B000AC3512 /* Sources */,
				CDD4574F242B05B000AC3512 /* Frameworks */,
				CDD45750242B05B000AC3512 /* Resources */,
				72B044C7C91F129B257FACCD /* [CP] Embed Pods Frameworks */,
			);
			buildRules = (
			);
			dependencies = (
			);
			name = ArchaismDictionaryiOS;
			productName = ArchaismDictionaryiOS;
			productReference = CDD45752242B05B000AC3512 /* ArchaismDictionaryiOS.app */;
			productType = "com.apple.product-type.application";
		};
		CDD45769242B05B500AC3512 /* ArchaismDictionaryiOSTests */ = {
			isa = PBXNativeTarget;
			buildConfigurationList = CDD45781242B05B500AC3512 /* Build configuration list for PBXNativeTarget "ArchaismDictionaryiOSTests" */;
			buildPhases = (
				CC54AEB384DC9A58FB04602A /* [CP] Check Pods Manifest.lock */,
				CDD45766242B05B500AC3512 /* Sources */,
				CDD45767242B05B500AC3512 /* Frameworks */,
				CDD45768242B05B500AC3512 /* Resources */,
			);
			buildRules = (
			);
			dependencies = (
				CDD4576C242B05B500AC3512 /* PBXTargetDependency */,
			);
			name = ArchaismDictionaryiOSTests;
			productName = ArchaismDictionaryiOSTests;
			productReference = CDD4576A242B05B500AC3512 /* ArchaismDictionaryiOSTests.xctest */;
			productType = "com.apple.product-type.bundle.unit-test";
		};
		CDD45774242B05B500AC3512 /* ArchaismDictionaryiOSUITests */ = {
			isa = PBXNativeTarget;
			buildConfigurationList = CDD45784242B05B500AC3512 /* Build configuration list for PBXNativeTarget "ArchaismDictionaryiOSUITests" */;
			buildPhases = (
				5CFFC91ABC9C099ACAF8CCF6 /* [CP] Check Pods Manifest.lock */,
				CDD45771242B05B500AC3512 /* Sources */,
				CDD45772242B05B500AC3512 /* Frameworks */,
				CDD45773242B05B500AC3512 /* Resources */,
				0FA54729AEAB3910473EBDBD /* [CP] Embed Pods Frameworks */,
			);
			buildRules = (
			);
			dependencies = (
				CDD45777242B05B500AC3512 /* PBXTargetDependency */,
			);
			name = ArchaismDictionaryiOSUITests;
			productName = ArchaismDictionaryiOSUITests;
			productReference = CDD45775242B05B500AC3512 /* ArchaismDictionaryiOSUITests.xctest */;
			productType = "com.apple.product-type.bundle.ui-testing";
		};
/* End PBXNativeTarget section */

/* Begin PBXProject section */
		CDD4574A242B05B000AC3512 /* Project object */ = {
			isa = PBXProject;
			attributes = {
				LastSwiftUpdateCheck = 1130;
				LastUpgradeCheck = 1130;
				ORGANIZATIONNAME = "AR Learn";
				TargetAttributes = {
					CDD45751242B05B000AC3512 = {
						CreatedOnToolsVersion = 11.3.1;
					};
					CDD45769242B05B500AC3512 = {
						CreatedOnToolsVersion = 11.3.1;
						TestTargetID = CDD45751242B05B000AC3512;
					};
					CDD45774242B05B500AC3512 = {
						CreatedOnToolsVersion = 11.3.1;
						TestTargetID = CDD45751242B05B000AC3512;
					};
				};
			};
			buildConfigurationList = CDD4574D242B05B000AC3512 /* Build configuration list for PBXProject "ArchaismDictionaryiOS" */;
			compatibilityVersion = "Xcode 9.3";
			developmentRegion = en;
			hasScannedForEncodings = 0;
			knownRegions = (
				en,
				Base,
			);
			mainGroup = CDD45749242B05B000AC3512;
			productRefGroup = CDD45753242B05B000AC3512 /* Products */;
			projectDirPath = "";
			projectRoot = "";
			targets = (
				CDD45751242B05B000AC3512 /* ArchaismDictionaryiOS */,
				CDD45769242B05B500AC3512 /* ArchaismDictionaryiOSTests */,
				CDD45774242B05B500AC3512 /* ArchaismDictionaryiOSUITests */,
			);
		};
/* End PBXProject section */

/* Begin PBXResourcesBuildPhase section */
		CDD45750242B05B000AC3512 /* Resources */ = {
			isa = PBXResourcesBuildPhase;
			buildActionMask = 2147483647;
			files = (
				CDD45764242B05B500AC3512 /* LaunchScreen.storyboard in Resources */,
				CDD457A2242B119D00AC3512 /* Search.png in Resources */,
				CDD45761242B05B500AC3512 /* Assets.xcassets in Resources */,
				CDC04CEC243264F5007EBF5F /* bul.traineddata in Resources */,
				CDD4579E242B119D00AC3512 /* Back.png in Resources */,
				CDD457A0242B119D00AC3512 /* Literature.png in Resources */,
				CDD457A1242B119D00AC3512 /* imageedit_2_4586027770.png in Resources */,
				CDD457A5242B119D00AC3512 /* Capture.png in Resources */,
				CDD4579D242B119D00AC3512 /* OCR.png in Resources */,
				CDD457A3242B119D00AC3512 /* Loading.gif in Resources */,
				CDD457A7242BA1A400AC3512 /* Podfile in Resources */,
				CDD4579F242B119D00AC3512 /* AppLogo.png in Resources */,
				CDD4575F242B05B000AC3512 /* Main.storyboard in Resources */,
				CDD457A4242B119D00AC3512 /* Play Store Logo.png in Resources */,
			);
			runOnlyForDeploymentPostprocessing = 0;
		};
		CDD45768242B05B500AC3512 /* Resources */ = {
			isa = PBXResourcesBuildPhase;
			buildActionMask = 2147483647;
			files = (
			);
			runOnlyForDeploymentPostprocessing = 0;
		};
		CDD45773242B05B500AC3512 /* Resources */ = {
			isa = PBXResourcesBuildPhase;
			buildActionMask = 2147483647;
			files = (
			);
			runOnlyForDeploymentPostprocessing = 0;
		};
/* End PBXResourcesBuildPhase section */

/* Begin PBXShellScriptBuildPhase section */
		0FA54729AEAB3910473EBDBD /* [CP] Embed Pods Frameworks */ = {
			isa = PBXShellScriptBuildPhase;
			buildActionMask = 2147483647;
			files = (
			);
			inputFileListPaths = (
				"${PODS_ROOT}/Target Support Files/Pods-ArchaismDictionaryiOS-ArchaismDictionaryiOSUITests/Pods-ArchaismDictionaryiOS-ArchaismDictionaryiOSUITests-frameworks-${CONFIGURATION}-input-files.xcfilelist",
			);
			name = "[CP] Embed Pods Frameworks";
			outputFileListPaths = (
				"${PODS_ROOT}/Target Support Files/Pods-ArchaismDictionaryiOS-ArchaismDictionaryiOSUITests/Pods-ArchaismDictionaryiOS-ArchaismDictionaryiOSUITests-frameworks-${CONFIGURATION}-output-files.xcfilelist",
			);
			runOnlyForDeploymentPostprocessing = 0;
			shellPath = /bin/sh;
			shellScript = "\"${PODS_ROOT}/Target Support Files/Pods-ArchaismDictionaryiOS-ArchaismDictionaryiOSUITests/Pods-ArchaismDictionaryiOS-ArchaismDictionaryiOSUITests-frameworks.sh\"\n";
			showEnvVarsInLog = 0;
		};
		5CFFC91ABC9C099ACAF8CCF6 /* [CP] Check Pods Manifest.lock */ = {
			isa = PBXShellScriptBuildPhase;
			buildActionMask = 2147483647;
			files = (
			);
			inputFileListPaths = (
			);
			inputPaths = (
				"${PODS_PODFILE_DIR_PATH}/Podfile.lock",
				"${PODS_ROOT}/Manifest.lock",
			);
			name = "[CP] Check Pods Manifest.lock";
			outputFileListPaths = (
			);
			outputPaths = (
				"$(DERIVED_FILE_DIR)/Pods-ArchaismDictionaryiOS-ArchaismDictionaryiOSUITests-checkManifestLockResult.txt",
			);
			runOnlyForDeploymentPostprocessing = 0;
			shellPath = /bin/sh;
			shellScript = "diff \"${PODS_PODFILE_DIR_PATH}/Podfile.lock\" \"${PODS_ROOT}/Manifest.lock\" > /dev/null\nif [ $? != 0 ] ; then\n    # print error to STDERR\n    echo \"error: The sandbox is not in sync with the Podfile.lock. Run 'pod install' or update your CocoaPods installation.\" >&2\n    exit 1\nfi\n# This output is used by Xcode 'outputs' to avoid re-running this script phase.\necho \"SUCCESS\" > \"${SCRIPT_OUTPUT_FILE_0}\"\n";
			showEnvVarsInLog = 0;
		};
		72B044C7C91F129B257FACCD /* [CP] Embed Pods Frameworks */ = {
			isa = PBXShellScriptBuildPhase;
			buildActionMask = 2147483647;
			files = (
			);
			inputFileListPaths = (
				"${PODS_ROOT}/Target Support Files/Pods-ArchaismDictionaryiOS/Pods-ArchaismDictionaryiOS-frameworks-${CONFIGURATION}-input-files.xcfilelist",
			);
			name = "[CP] Embed Pods Frameworks";
			outputFileListPaths = (
				"${PODS_ROOT}/Target Support Files/Pods-ArchaismDictionaryiOS/Pods-ArchaismDictionaryiOS-frameworks-${CONFIGURATION}-output-files.xcfilelist",
			);
			runOnlyForDeploymentPostprocessing = 0;
			shellPath = /bin/sh;
			shellScript = "\"${PODS_ROOT}/Target Support Files/Pods-ArchaismDictionaryiOS/Pods-ArchaismDictionaryiOS-frameworks.sh\"\n";
			showEnvVarsInLog = 0;
		};
		91648E6C89F4CEC4CB7A5AA0 /* [CP] Check Pods Manifest.lock */ = {
			isa = PBXShellScriptBuildPhase;
			buildActionMask = 2147483647;
			files = (
			);
			inputFileListPaths = (
			);
			inputPaths = (
				"${PODS_PODFILE_DIR_PATH}/Podfile.lock",
				"${PODS_ROOT}/Manifest.lock",
			);
			name = "[CP] Check Pods Manifest.lock";
			outputFileListPaths = (
			);
			outputPaths = (
				"$(DERIVED_FILE_DIR)/Pods-ArchaismDictionaryiOS-checkManifestLockResult.txt",
			);
			runOnlyForDeploymentPostprocessing = 0;
			shellPath = /bin/sh;
			shellScript = "diff \"${PODS_PODFILE_DIR_PATH}/Podfile.lock\" \"${PODS_ROOT}/Manifest.lock\" > /dev/null\nif [ $? != 0 ] ; then\n    # print error to STDERR\n    echo \"error: The sandbox is not in sync with the Podfile.lock. Run 'pod install' or update your CocoaPods installation.\" >&2\n    exit 1\nfi\n# This output is used by Xcode 'outputs' to avoid re-running this script phase.\necho \"SUCCESS\" > \"${SCRIPT_OUTPUT_FILE_0}\"\n";
			showEnvVarsInLog = 0;
		};
		CC54AEB384DC9A58FB04602A /* [CP] Check Pods Manifest.lock */ = {
			isa = PBXShellScriptBuildPhase;
			buildActionMask = 2147483647;
			files = (
			);
			inputFileListPaths = (
			);
			inputPaths = (
				"${PODS_PODFILE_DIR_PATH}/Podfile.lock",
				"${PODS_ROOT}/Manifest.lock",
			);
			name = "[CP] Check Pods Manifest.lock";
			outputFileListPaths = (
			);
			outputPaths = (
				"$(DERIVED_FILE_DIR)/Pods-ArchaismDictionaryiOSTests-checkManifestLockResult.txt",
			);
			runOnlyForDeploymentPostprocessing = 0;
			shellPath = /bin/sh;
			shellScript = "diff \"${PODS_PODFILE_DIR_PATH}/Podfile.lock\" \"${PODS_ROOT}/Manifest.lock\" > /dev/null\nif [ $? != 0 ] ; then\n    # print error to STDERR\n    echo \"error: The sandbox is not in sync with the Podfile.lock. Run 'pod install' or update your CocoaPods installation.\" >&2\n    exit 1\nfi\n# This output is used by Xcode 'outputs' to avoid re-running this script phase.\necho \"SUCCESS\" > \"${SCRIPT_OUTPUT_FILE_0}\"\n";
			showEnvVarsInLog = 0;
		};
/* End PBXShellScriptBuildPhase section */

/* Begin PBXSourcesBuildPhase section */
		CDD4574E242B05B000AC3512 /* Sources */ = {
			isa = PBXSourcesBuildPhase;
			buildActionMask = 2147483647;
			files = (
				CDD4575C242B05B000AC3512 /* SecondViewController.swift in Sources */,
				CDD4575A242B05B000AC3512 /* FirstViewController.swift in Sources */,
				CDD45756242B05B000AC3512 /* AppDelegate.swift in Sources */,
				CDD45758242B05B000AC3512 /* SceneDelegate.swift in Sources */,
			);
			runOnlyForDeploymentPostprocessing = 0;
		};
		CDD45766242B05B500AC3512 /* Sources */ = {
			isa = PBXSourcesBuildPhase;
			buildActionMask = 2147483647;
			files = (
				CDD4576F242B05B500AC3512 /* ArchaismDictionaryiOSTests.swift in Sources */,
			);
			runOnlyForDeploymentPostprocessing = 0;
		};
		CDD45771242B05B500AC3512 /* Sources */ = {
			isa = PBXSourcesBuildPhase;
			buildActionMask = 2147483647;
			files = (
				CDD4577A242B05B500AC3512 /* ArchaismDictionaryiOSUITests.swift in Sources */,
			);
			runOnlyForDeploymentPostprocessing = 0;
		};
/* End PBXSourcesBuildPhase section */

/* Begin PBXTargetDependency section */
		CDD4576C242B05B500AC3512 /* PBXTargetDependency */ = {
			isa = PBXTargetDependency;
			target = CDD45751242B05B000AC3512 /* ArchaismDictionaryiOS */;
			targetProxy = CDD4576B242B05B500AC3512 /* PBXContainerItemProxy */;
		};
		CDD45777242B05B500AC3512 /* PBXTargetDependency */ = {
			isa = PBXTargetDependency;
			target = CDD45751242B05B000AC3512 /* ArchaismDictionaryiOS */;
			targetProxy = CDD45776242B05B500AC3512 /* PBXContainerItemProxy */;
		};
/* End PBXTargetDependency section */

/* Begin PBXVariantGroup section */
		CDD4575D242B05B000AC3512 /* Main.storyboard */ = {
			isa = PBXVariantGroup;
			children = (
				CDD4575E242B05B000AC3512 /* Base */,
			);
			name = Main.storyboard;
			sourceTree = "<group>";
		};
		CDD45762242B05B500AC3512 /* LaunchScreen.storyboard */ = {
			isa = PBXVariantGroup;
			children = (
				CDD45763242B05B500AC3512 /* Base */,
			);
			name = LaunchScreen.storyboard;
			sourceTree = "<group>";
		};
/* End PBXVariantGroup section */

/* Begin XCBuildConfiguration section */
		CDD4577C242B05B500AC3512 /* Debug */ = {
			isa = XCBuildConfiguration;
			buildSettings = {
				ALWAYS_SEARCH_USER_PATHS = NO;
				CLANG_ANALYZER_NONNULL = YES;
				CLANG_ANALYZER_NUMBER_OBJECT_CONVERSION = YES_AGGRESSIVE;
				CLANG_CXX_LANGUAGE_STANDARD = "gnu++14";
				CLANG_CXX_LIBRARY = "libc++";
				CLANG_ENABLE_MODULES = YES;
				CLANG_ENABLE_OBJC_ARC = YES;
				CLANG_ENABLE_OBJC_WEAK = YES;
				CLANG_WARN_BLOCK_CAPTURE_AUTORELEASING = YES;
				CLANG_WARN_BOOL_CONVERSION = YES;
				CLANG_WARN_COMMA = YES;
				CLANG_WARN_CONSTANT_CONVERSION = YES;
				CLANG_WARN_DEPRECATED_OBJC_IMPLEMENTATIONS = YES;
				CLANG_WARN_DIRECT_OBJC_ISA_USAGE = YES_ERROR;
				CLANG_WARN_DOCUMENTATION_COMMENTS = YES;
				CLANG_WARN_EMPTY_BODY = YES;
				CLANG_WARN_ENUM_CONVERSION = YES;
				CLANG_WARN_INFINITE_RECURSION = YES;
				CLANG_WARN_INT_CONVERSION = YES;
				CLANG_WARN_NON_LITERAL_NULL_CONVERSION = YES;
				CLANG_WARN_OBJC_IMPLICIT_RETAIN_SELF = YES;
				CLANG_WARN_OBJC_LITERAL_CONVERSION = YES;
				CLANG_WARN_OBJC_ROOT_CLASS = YES_ERROR;
				CLANG_WARN_RANGE_LOOP_ANALYSIS = YES;
				CLANG_WARN_STRICT_PROTOTYPES = YES;
				CLANG_WARN_SUSPICIOUS_MOVE = YES;
				CLANG_WARN_UNGUARDED_AVAILABILITY = YES_AGGRESSIVE;
				CLANG_WARN_UNREACHABLE_CODE = YES;
				CLANG_WARN__DUPLICATE_METHOD_MATCH = YES;
				COPY_PHASE_STRIP = NO;
				DEBUG_INFORMATION_FORMAT = dwarf;
				DEVELOPMENT_TEAM = 648H2X26Z6;
				ENABLE_STRICT_OBJC_MSGSEND = YES;
				ENABLE_TESTABILITY = YES;
				GCC_C_LANGUAGE_STANDARD = gnu11;
				GCC_DYNAMIC_NO_PIC = NO;
				GCC_NO_COMMON_BLOCKS = YES;
				GCC_OPTIMIZATION_LEVEL = 0;
				GCC_PREPROCESSOR_DEFINITIONS = (
					"DEBUG=1",
					"$(inherited)",
				);
				GCC_WARN_64_TO_32_BIT_CONVERSION = YES;
				GCC_WARN_ABOUT_RETURN_TYPE = YES_ERROR;
				GCC_WARN_UNDECLARED_SELECTOR = YES;
				GCC_WARN_UNINITIALIZED_AUTOS = YES_AGGRESSIVE;
				GCC_WARN_UNUSED_FUNCTION = YES;
				GCC_WARN_UNUSED_VARIABLE = YES;
				IPHONEOS_DEPLOYMENT_TARGET = 13.2;
				MTL_ENABLE_DEBUG_INFO = INCLUDE_SOURCE;
				MTL_FAST_MATH = YES;
				ONLY_ACTIVE_ARCH = YES;
				SDKROOT = iphoneos;
				SWIFT_ACTIVE_COMPILATION_CONDITIONS = DEBUG;
				SWIFT_OPTIMIZATION_LEVEL = "-Onone";
			};
			name = Debug;
		};
		CDD4577D242B05B500AC3512 /* Release */ = {
			isa = XCBuildConfiguration;
			buildSettings = {
				ALWAYS_SEARCH_USER_PATHS = NO;
				CLANG_ANALYZER_NONNULL = YES;
				CLANG_ANALYZER_NUMBER_OBJECT_CONVERSION = YES_AGGRESSIVE;
				CLANG_CXX_LANGUAGE_STANDARD = "gnu++14";
				CLANG_CXX_LIBRARY = "libc++";
				CLANG_ENABLE_MODULES = YES;
				CLANG_ENABLE_OBJC_ARC = YES;
				CLANG_ENABLE_OBJC_WEAK = YES;
				CLANG_WARN_BLOCK_CAPTURE_AUTORELEASING = YES;
				CLANG_WARN_BOOL_CONVERSION = YES;
				CLANG_WARN_COMMA = YES;
				CLANG_WARN_CONSTANT_CONVERSION = YES;
				CLANG_WARN_DEPRECATED_OBJC_IMPLEMENTATIONS = YES;
				CLANG_WARN_DIRECT_OBJC_ISA_USAGE = YES_ERROR;
				CLANG_WARN_DOCUMENTATION_COMMENTS = YES;
				CLANG_WARN_EMPTY_BODY = YES;
				CLANG_WARN_ENUM_CONVERSION = YES;
				CLANG_WARN_INFINITE_RECURSION = YES;
				CLANG_WARN_INT_CONVERSION = YES;
				CLANG_WARN_NON_LITERAL_NULL_CONVERSION = YES;
				CLANG_WARN_OBJC_IMPLICIT_RETAIN_SELF = YES;
				CLANG_WARN_OBJC_LITERAL_CONVERSION = YES;
				CLANG_WARN_OBJC_ROOT_CLASS = YES_ERROR;
				CLANG_WARN_RANGE_LOOP_ANALYSIS = YES;
				CLANG_WARN_STRICT_PROTOTYPES = YES;
				CLANG_WARN_SUSPICIOUS_MOVE = YES;
				CLANG_WARN_UNGUARDED_AVAILABILITY = YES_AGGRESSIVE;
				CLANG_WARN_UNREACHABLE_CODE = YES;
				CLANG_WARN__DUPLICATE_METHOD_MATCH = YES;
				COPY_PHASE_STRIP = NO;
				DEBUG_INFORMATION_FORMAT = "dwarf-with-dsym";
				DEVELOPMENT_TEAM = 648H2X26Z6;
				ENABLE_NS_ASSERTIONS = NO;
				ENABLE_STRICT_OBJC_MSGSEND = YES;
				GCC_C_LANGUAGE_STANDARD = gnu11;
				GCC_NO_COMMON_BLOCKS = YES;
				GCC_WARN_64_TO_32_BIT_CONVERSION = YES;
				GCC_WARN_ABOUT_RETURN_TYPE = YES_ERROR;
				GCC_WARN_UNDECLARED_SELECTOR = YES;
				GCC_WARN_UNINITIALIZED_AUTOS = YES_AGGRESSIVE;
				GCC_WARN_UNUSED_FUNCTION = YES;
				GCC_WARN_UNUSED_VARIABLE = YES;
				IPHONEOS_DEPLOYMENT_TARGET = 13.2;
				MTL_ENABLE_DEBUG_INFO = NO;
				MTL_FAST_MATH = YES;
				SDKROOT = iphoneos;
				SWIFT_COMPILATION_MODE = wholemodule;
				SWIFT_OPTIMIZATION_LEVEL = "-O";
				VALIDATE_PRODUCT = YES;
			};
			name = Release;
		};
		CDD4577F242B05B500AC3512 /* Debug */ = {
			isa = XCBuildConfiguration;
			baseConfigurationReference = 0D41A720A754B5E95A8C4CB0 /* Pods-ArchaismDictionaryiOS.debug.xcconfig */;
			buildSettings = {
				ASSETCATALOG_COMPILER_APPICON_NAME = AppIcon;
				CODE_SIGN_STYLE = Automatic;
				INFOPLIST_FILE = ArchaismDictionaryiOS/Info.plist;
				LD_RUNPATH_SEARCH_PATHS = (
					"$(inherited)",
					"@executable_path/Frameworks",
				);
				PRODUCT_BUNDLE_IDENTIFIER = ARLearn.ArchaismDictionaryiOS;
				PRODUCT_NAME = "$(TARGET_NAME)";
				SWIFT_VERSION = 5.0;
				TARGETED_DEVICE_FAMILY = "1,2";
			};
			name = Debug;
		};
		CDD45780242B05B500AC3512 /* Release */ = {
			isa = XCBuildConfiguration;
			baseConfigurationReference = 00B03FAAE0FE727A3FFF6F8A /* Pods-ArchaismDictionaryiOS.release.xcconfig */;
			buildSettings = {
				ASSETCATALOG_COMPILER_APPICON_NAME = AppIcon;
				CODE_SIGN_STYLE = Automatic;
				INFOPLIST_FILE = ArchaismDictionaryiOS/Info.plist;
				LD_RUNPATH_SEARCH_PATHS = (
					"$(inherited)",
					"@executable_path/Frameworks",
				);
				PRODUCT_BUNDLE_IDENTIFIER = ARLearn.ArchaismDictionaryiOS;
				PRODUCT_NAME = "$(TARGET_NAME)";
				SWIFT_VERSION = 5.0;
				TARGETED_DEVICE_FAMILY = "1,2";
			};
			name = Release;
		};
		CDD45782242B05B500AC3512 /* Debug */ = {
			isa = XCBuildConfiguration;
			baseConfigurationReference = 84923BE6C247F0207C4239E0 /* Pods-ArchaismDictionaryiOSTests.debug.xcconfig */;
			buildSettings = {
				ALWAYS_EMBED_SWIFT_STANDARD_LIBRARIES = YES;
				BUNDLE_LOADER = "$(TEST_HOST)";
				CODE_SIGN_STYLE = Automatic;
				INFOPLIST_FILE = ArchaismDictionaryiOSTests/Info.plist;
				IPHONEOS_DEPLOYMENT_TARGET = 13.2;
				LD_RUNPATH_SEARCH_PATHS = (
					"$(inherited)",
					"@executable_path/Frameworks",
					"@loader_path/Frameworks",
				);
				PRODUCT_BUNDLE_IDENTIFIER = ARLearn.ArchaismDictionaryiOSTests;
				PRODUCT_NAME = "$(TARGET_NAME)";
				SWIFT_VERSION = 5.0;
				TARGETED_DEVICE_FAMILY = "1,2";
				TEST_HOST = "$(BUILT_PRODUCTS_DIR)/ArchaismDictionaryiOS.app/ArchaismDictionaryiOS";
			};
			name = Debug;
		};
		CDD45783242B05B500AC3512 /* Release */ = {
			isa = XCBuildConfiguration;
			baseConfigurationReference = 061FF47BB7ED19695852D504 /* Pods-ArchaismDictionaryiOSTests.release.xcconfig */;
			buildSettings = {
				ALWAYS_EMBED_SWIFT_STANDARD_LIBRARIES = YES;
				BUNDLE_LOADER = "$(TEST_HOST)";
				CODE_SIGN_STYLE = Automatic;
				INFOPLIST_FILE = ArchaismDictionaryiOSTests/Info.plist;
				IPHONEOS_DEPLOYMENT_TARGET = 13.2;
				LD_RUNPATH_SEARCH_PATHS = (
					"$(inherited)",
					"@executable_path/Frameworks",
					"@loader_path/Frameworks",
				);
				PRODUCT_BUNDLE_IDENTIFIER = ARLearn.ArchaismDictionaryiOSTests;
				PRODUCT_NAME = "$(TARGET_NAME)";
				SWIFT_VERSION = 5.0;
				TARGETED_DEVICE_FAMILY = "1,2";
				TEST_HOST = "$(BUILT_PRODUCTS_DIR)/ArchaismDictionaryiOS.app/ArchaismDictionaryiOS";
			};
			name = Release;
		};
		CDD45785242B05B500AC3512 /* Debug */ = {
			isa = XCBuildConfiguration;
			baseConfigurationReference = 07A24FB90E0CA9A1C267FF65 /* Pods-ArchaismDictionaryiOS-ArchaismDictionaryiOSUITests.debug.xcconfig */;
			buildSettings = {
				ALWAYS_EMBED_SWIFT_STANDARD_LIBRARIES = YES;
				CODE_SIGN_STYLE = Automatic;
				INFOPLIST_FILE = ArchaismDictionaryiOSUITests/Info.plist;
				LD_RUNPATH_SEARCH_PATHS = (
					"$(inherited)",
					"@executable_path/Frameworks",
					"@loader_path/Frameworks",
				);
				PRODUCT_BUNDLE_IDENTIFIER = ARLearn.ArchaismDictionaryiOSUITests;
				PRODUCT_NAME = "$(TARGET_NAME)";
				SWIFT_VERSION = 5.0;
				TARGETED_DEVICE_FAMILY = "1,2";
				TEST_TARGET_NAME = ArchaismDictionaryiOS;
			};
			name = Debug;
		};
		CDD45786242B05B500AC3512 /* Release */ = {
			isa = XCBuildConfiguration;
			baseConfigurationReference = 15C3714DD6B98E92F0F8CF3B /* Pods-ArchaismDictionaryiOS-ArchaismDictionaryiOSUITests.release.xcconfig */;
			buildSettings = {
				ALWAYS_EMBED_SWIFT_STANDARD_LIBRARIES = YES;
				CODE_SIGN_STYLE = Automatic;
				INFOPLIST_FILE = ArchaismDictionaryiOSUITests/Info.plist;
				LD_RUNPATH_SEARCH_PATHS = (
					"$(inherited)",
					"@executable_path/Frameworks",
					"@loader_path/Frameworks",
				);
				PRODUCT_BUNDLE_IDENTIFIER = ARLearn.ArchaismDictionaryiOSUITests;
				PRODUCT_NAME = "$(TARGET_NAME)";
				SWIFT_VERSION = 5.0;
				TARGETED_DEVICE_FAMILY = "1,2";
				TEST_TARGET_NAME = ArchaismDictionaryiOS;
			};
			name = Release;
		};
/* End XCBuildConfiguration section */

/* Begin XCConfigurationList section */
		CDD4574D242B05B000AC3512 /* Build configuration list for PBXProject "ArchaismDictionaryiOS" */ = {
			isa = XCConfigurationList;
			buildConfigurations = (
				CDD4577C242B05B500AC3512 /* Debug */,
				CDD4577D242B05B500AC3512 /* Release */,
			);
			defaultConfigurationIsVisible = 0;
			defaultConfigurationName = Release;
		};
		CDD4577E242B05B500AC3512 /* Build configuration list for PBXNativeTarget "ArchaismDictionaryiOS" */ = {
			isa = XCConfigurationList;
			buildConfigurations = (
				CDD4577F242B05B500AC3512 /* Debug */,
				CDD45780242B05B500AC3512 /* Release */,
			);
			defaultConfigurationIsVisible = 0;
			defaultConfigurationName = Release;
		};
		CDD45781242B05B500AC3512 /* Build configuration list for PBXNativeTarget "ArchaismDictionaryiOSTests" */ = {
			isa = XCConfigurationList;
			buildConfigurations = (
				CDD45782242B05B500AC3512 /* Debug */,
				CDD45783242B05B500AC3512 /* Release */,
			);
			defaultConfigurationIsVisible = 0;
			defaultConfigurationName = Release;
		};
		CDD45784242B05B500AC3512 /* Build configuration list for PBXNativeTarget "ArchaismDictionaryiOSUITests" */ = {
			isa = XCConfigurationList;
			buildConfigurations = (
				CDD45785242B05B500AC3512 /* Debug */,
				CDD45786242B05B500AC3512 /* Release */,
			);
			defaultConfigurationIsVisible = 0;
			defaultConfigurationName = Release;
		};
/* End XCConfigurationList section */
	};
	rootObject = CDD4574A242B05B000AC3512 /* Project object */;
}
