
Microsoft Visual Studio Solution File, Format Version 12.00
# Visual Studio Version 16
VisualStudioVersion = 16.0.29709.97
MinimumVisualStudioVersion = 10.0.40219.1
Project("{FAE04EC0-301F-11D3-BF4B-00C04F79EFBC}") = "Archaism Dictionary iOS App", "Archaism Dictionary iOS App\Archaism Dictionary iOS App.csproj", "{EA616F0D-5145-49EC-91BB-F996BFF4D9EF}"
EndProject
Global
	GlobalSection(SolutionConfigurationPlatforms) = preSolution
		Debug|iPhone = Debug|iPhone
		Debug|iPhoneSimulator = Debug|iPhoneSimulator
		Release|iPhone = Release|iPhone
		Release|iPhoneSimulator = Release|iPhoneSimulator
	EndGlobalSection
	GlobalSection(ProjectConfigurationPlatforms) = postSolution
		{EA616F0D-5145-49EC-91BB-F996BFF4D9EF}.Debug|iPhone.ActiveCfg = Debug|iPhone
		{EA616F0D-5145-49EC-91BB-F996BFF4D9EF}.Debug|iPhone.Build.0 = Debug|iPhone
		{EA616F0D-5145-49EC-91BB-F996BFF4D9EF}.Debug|iPhone.Deploy.0 = Debug|iPhone
		{EA616F0D-5145-49EC-91BB-F996BFF4D9EF}.Debug|iPhoneSimulator.ActiveCfg = Debug|iPhoneSimulator
		{EA616F0D-5145-49EC-91BB-F996BFF4D9EF}.Debug|iPhoneSimulator.Build.0 = Debug|iPhoneSimulator
		{EA616F0D-5145-49EC-91BB-F996BFF4D9EF}.Debug|iPhoneSimulator.Deploy.0 = Debug|iPhoneSimulator
		{EA616F0D-5145-49EC-91BB-F996BFF4D9EF}.Release|iPhone.ActiveCfg = Release|iPhone
		{EA616F0D-5145-49EC-91BB-F996BFF4D9EF}.Release|iPhone.Build.0 = Release|iPhone
		{EA616F0D-5145-49EC-91BB-F996BFF4D9EF}.Release|iPhone.Deploy.0 = Release|iPhone
		{EA616F0D-5145-49EC-91BB-F996BFF4D9EF}.Release|iPhoneSimulator.ActiveCfg = Release|iPhoneSimulator
		{EA616F0D-5145-49EC-91BB-F996BFF4D9EF}.Release|iPhoneSimulator.Build.0 = Release|iPhoneSimulator
		{EA616F0D-5145-49EC-91BB-F996BFF4D9EF}.Release|iPhoneSimulator.Deploy.0 = Release|iPhoneSimulator
	EndGlobalSection
	GlobalSection(SolutionProperties) = preSolution
		HideSolutionNode = FALSE
	EndGlobalSection
	GlobalSection(ExtensibilityGlobals) = postSolution
		SolutionGuid = {8AF29C0F-791C-403B-B8D6-33DA45C99A52}
	EndGlobalSection
EndGlobal
